Microsoft Visual Studio Solution File, Format Version 12.00
# Visual Studio Version 17
VisualStudioVersion = 17.5.2.0
MinimumVisualStudioVersion = 10.0.40219.1
Project("{FAE04EC0-301F-11D3-BF4B-00C04F79EFBC}") = "FullstackHW", "FullstackHW.csproj", "{5E4D0FD5-AD9F-D13E-9468-7398D8B50893}"
EndProject
Global
	GlobalSection(SolutionConfigurationPlatforms) = preSolution
		Debug|Any CPU = Debug|Any CPU
		Release|Any CPU = Release|Any CPU
	EndGlobalSection
	GlobalSection(ProjectConfigurationPlatforms) = postSolution
		{5E4D0FD5-AD9F-D13E-9468-7398D8B50893}.Debug|Any CPU.ActiveCfg = Debug|Any CPU
		{5E4D0FD5-AD9F-D13E-9468-7398D8B50893}.Debug|Any CPU.Build.0 = Debug|Any CPU
		{5E4D0FD5-AD9F-D13E-9468-7398D8B50893}.Release|Any CPU.ActiveCfg = Release|Any CPU
		{5E4D0FD5-AD9F-D13E-9468-7398D8B50893}.Release|Any CPU.Build.0 = Release|Any CPU
	EndGlobalSection
	GlobalSection(SolutionProperties) = preSolution
		HideSolutionNode = FALSE
	EndGlobalSection
	GlobalSection(ExtensibilityGlobals) = postSolution
		SolutionGuid = {D2FB4F88-7A08-452D-AF41-A46B6B211929}
	EndGlobalSection
EndGlobal
